
Microsoft Visual Studio Solution File, Format Version 12.00
# Visual Studio Version 16
VisualStudioVersion = 16.0.30104.148
MinimumVisualStudioVersion = 10.0.40219.1
Project("{FAE04EC0-301F-11D3-BF4B-00C04F79EFBC}") = "HtmlToXamlConverter", "HtmlToXamlConverter\HtmlToXamlConverter.csproj", "{84052B9C-D210-438A-8D27-CAD6F622069B}"
EndProject
Global
	GlobalSection(SolutionConfigurationPlatforms) = preSolution
		Debug|Any CPU = Debug|Any CPU
		Release|Any CPU = Release|Any CPU
	EndGlobalSection
	GlobalSection(ProjectConfigurationPlatforms) = postSolution
		{84052B9C-D210-438A-8D27-CAD6F622069B}.Debug|Any CPU.ActiveCfg = Debug|Any CPU
		{84052B9C-D210-438A-8D27-CAD6F622069B}.Debug|Any CPU.Build.0 = Debug|Any CPU
		{84052B9C-D210-438A-8D27-CAD6F622069B}.Release|Any CPU.ActiveCfg = Release|Any CPU
		{84052B9C-D210-438A-8D27-CAD6F622069B}.Release|Any CPU.Build.0 = Release|Any CPU
	EndGlobalSection
	GlobalSection(SolutionProperties) = preSolution
		HideSolutionNode = FALSE
	EndGlobalSection
	GlobalSection(ExtensibilityGlobals) = postSolution
		SolutionGuid = {754A00E5-E12C-4108-A325-2930EBECBCF6}
	EndGlobalSection
EndGlobal
